github.com/comail/colog v0.0.0-20160416085026-fba8e7b1f46c h1:bzYQ6WpR+t35/y19HUkolcg7SYeWZ15IclC9Z4naGHI=
github.com/comail/colog v0.0.0-20160416085026-fba8e7b1f46c/go.mod h1:1WwgAwMKQLYG5I2FBhpVx94YTOAuB2W59IZ7REjSE6Y=
github.com/jessevdk/go-assets v0.0.0-20160921144138-4f4301a06e15 h1:cW/amwGEJK5MSKntPXRjX4dxs/nGxGT8gXKIsKFmHGc=
github.com/jessevdk/go-assets v0.0.0-20160921144138-4f4301a06e15/go.mod h1:Fdm/oWRW+CH8PRbLntksCNtmcCBximKPkVQYvmMl80k=
github.com/krig/go-sox v0.0.0-20180617124112-7d2f8ae31981 h1:ir4NRMjkkSP63kAOiFDTQN3dcs0o6c0f1cfpe9V8JT0=
github.com/krig/go-sox v0.0.0-20180617124112-7d2f8ae31981/go.mod h1:0uPmTzngejep+JBRxvlmijKKMexuskpMCzWFp+oFzc4=
github.com/magefile/mage v1.9.0 h1:t3AU2wNwehMCW97vuqQLtw6puppWXHO+O2MHo5a50XE=
github.com/magefile/mage v1.9.0/go.mod h1:z5UZb/iS3GoOSn0JgWuiw7dxlurVYTu+/jHXqQg881A=
github.com/mjibson/go-dsp v0.0.0-20180508042940-11479a337f12 h1:dd7vnTDfjtwCETZDrRe+GPYNLA1jBtbZeyfyE8eZCyk=
github.com/mjibson/go-dsp v0.0.0-20180508042940-11479a337f12/go.mod h1:i/KKcxEWEO8Yyl11DYafRPKOPVYTrhxiTRigjtEEXZU=
github.com/urfave/cli v1.20.0 h1:fDqGv3UG/4jbVl/QkFwEdddtEDjh/5Ov6X+0B/3bPaw=
github.com/urfave/cli v1.20.0/go.mod h1:70zkFmudgCuE/ngEzBv17Jvp/497gISqfk5gWijbERA=
golang.org/x/tools v0.0.0-20180917221912-90fa682c2a6e h1:FDhOuMEY4JVRztM/gsbk+IKUQ8kj74bxZrgw87eMMVc=
golang.org/x/tools v0.0.0-20180917221912-90fa682c2a6e/go.mod h1:n7NCudcB/nEzxVGmLbDWY5pfWTLqBcC2KZ6jyYvM4mQ=
golang.org/x/xerrors v0.0.0-20190717185122-a985d3407aa7 h1:9zdDQZ7Thm29KFXgAX/+yaf3eVbP7djjWp/dXAppNCc=
golang.org/x/xerrors v0.0.0-20190717185122-a985d3407aa7/go.mod h1:I/5z698sn9Ka8TeJc9MKroUUfqBBauWjQqLJ2OPfmY0=
